importers:
  .:
    specifiers: {}
  ../../packages/back/lambdas/my-app:
    dependencies:
      '@company/lib-dos': 'link:../../libs/lib-dos'
      '@company/lib-uno': 'link:../../libs/lib-uno'
    specifiers:
      '@company/lib-dos': 'workspace:*'
      '@company/lib-uno': 'workspace:*'
  ../../packages/back/libs/lib-dos:
    specifiers: {}
  ../../packages/back/libs/lib-uno:
    specifiers: {}
lockfileVersion: 5.2
